
Microsoft Visual Studio Solution File, Format Version 12.00
# Visual Studio 15
VisualStudioVersion = 15.0.28307.168
MinimumVisualStudioVersion = 10.0.40219.1
Project("{9A19103F-16F7-4668-BE54-9A1E7A4F7556}") = "SmartCardExplorer", "SmartCardExplorer\SmartCardExplorer.csproj", "{EAB4E37E-FFC1-4785-BFEC-5CDACBA6E385}"
EndProject
Project("{FAE04EC0-301F-11D3-BF4B-00C04F79EFBC}") = "SmartCardExplorer.Windows", "SmartCardExplorer.Windows\SmartCardExplorer.Windows.csproj", "{52A20C58-3165-45A4-B4B5-F0767455B69C}"
EndProject
Project("{FAE04EC0-301F-11D3-BF4B-00C04F79EFBC}") = "SmartCardExplorer.Windows.WPF", "SmartCardExplorer.Windows.WPF\SmartCardExplorer.Windows.WPF.csproj", "{F99B1EF0-311E-474D-BBCD-CF9880A256B3}"
EndProject
Global
	GlobalSection(SolutionConfigurationPlatforms) = preSolution
		Debug|Any CPU = Debug|Any CPU
		Release|Any CPU = Release|Any CPU
	EndGlobalSection
	GlobalSection(ProjectConfigurationPlatforms) = postSolution
		{EAB4E37E-FFC1-4785-BFEC-5CDACBA6E385}.Debug|Any CPU.ActiveCfg = Debug|Any CPU
		{EAB4E37E-FFC1-4785-BFEC-5CDACBA6E385}.Debug|Any CPU.Build.0 = Debug|Any CPU
		{EAB4E37E-FFC1-4785-BFEC-5CDACBA6E385}.Release|Any CPU.ActiveCfg = Release|Any CPU
		{EAB4E37E-FFC1-4785-BFEC-5CDACBA6E385}.Release|Any CPU.Build.0 = Release|Any CPU
		{52A20C58-3165-45A4-B4B5-F0767455B69C}.Debug|Any CPU.ActiveCfg = Debug|Any CPU
		{52A20C58-3165-45A4-B4B5-F0767455B69C}.Debug|Any CPU.Build.0 = Debug|Any CPU
		{52A20C58-3165-45A4-B4B5-F0767455B69C}.Release|Any CPU.ActiveCfg = Release|Any CPU
		{52A20C58-3165-45A4-B4B5-F0767455B69C}.Release|Any CPU.Build.0 = Release|Any CPU
		{F99B1EF0-311E-474D-BBCD-CF9880A256B3}.Debug|Any CPU.ActiveCfg = Debug|Any CPU
		{F99B1EF0-311E-474D-BBCD-CF9880A256B3}.Debug|Any CPU.Build.0 = Debug|Any CPU
		{F99B1EF0-311E-474D-BBCD-CF9880A256B3}.Release|Any CPU.ActiveCfg = Release|Any CPU
		{F99B1EF0-311E-474D-BBCD-CF9880A256B3}.Release|Any CPU.Build.0 = Release|Any CPU
	EndGlobalSection
	GlobalSection(SolutionProperties) = preSolution
		HideSolutionNode = FALSE
	EndGlobalSection
	GlobalSection(ExtensibilityGlobals) = postSolution
		SolutionGuid = {5B3F3E1E-1FF5-4C00-A29A-A65582D9725A}
	EndGlobalSection
EndGlobal
